// !$*UTF8*$!
{
	archiveVersion = 1;
	classes = {
	};
	objectVersion = 46;
	objects = {

/* Begin PBXBuildFile section */
		184B9F121BEA2C2D0088416F /* Vectors.cpp in Sources */ = {isa = PBXBuildFile; fileRef = 184B9F101BEA2C2D0088416F /* Vectors.cpp */; };
		184B9F151BEA86780088416F /* SignalGenerator.cpp in Sources */ = {isa = PBXBuildFile; fileRef = 184B9F131BEA86780088416F /* SignalGenerator.cpp */; };
		1860CC621BE544C4001015CF /* main.m in Sources */ = {isa = PBXBuildFile; fileRef = 1860CC611BE544C4001015CF /* main.m */; };
		1860CC651BE544C4001015CF /* AppDelegate.m in Sources */ = {isa = PBXBuildFile; fileRef = 1860CC641BE544C4001015CF /* AppDelegate.m */; };
		1860CC6E1BE544C4001015CF /* Main.storyboard in Resources */ = {isa = PBXBuildFile; fileRef = 1860CC6C1BE544C4001015CF /* Main.storyboard */; };
		1860CC701BE544C4001015CF /* Assets.xcassets in Resources */ = {isa = PBXBuildFile; fileRef = 1860CC6F1BE544C4001015CF /* Assets.xcassets */; };
		1860CC731BE544C4001015CF /* LaunchScreen.storyboard in Resources */ = {isa = PBXBuildFile; fileRef = 1860CC711BE544C4001015CF /* LaunchScreen.storyboard */; };
		1860CC7E1BE544C4001015CF /* SoundAnalyserTests.m in Sources */ = {isa = PBXBuildFile; fileRef = 1860CC7D1BE544C4001015CF /* SoundAnalyserTests.m */; };
		1860CC891BE544C4001015CF /* SoundAnalyserUITests.m in Sources */ = {isa = PBXBuildFile; fileRef = 1860CC881BE544C4001015CF /* SoundAnalyserUITests.m */; };
		1860CCA61BE553B1001015CF /* Audio in Resources */ = {isa = PBXBuildFile; fileRef = 1860CCA31BE553B1001015CF /* Audio */; };
		1860CCA81BE553B1001015CF /* Math in Resources */ = {isa = PBXBuildFile; fileRef = 1860CCA51BE553B1001015CF /* Math */; };
		1860CCC51BE55E7B001015CF /* FirstViewController.m in Sources */ = {isa = PBXBuildFile; fileRef = 1860CCC41BE55E7B001015CF /* FirstViewController.m */; };
		1860CCC81BE55E92001015CF /* SecondViewController.m in Sources */ = {isa = PBXBuildFile; fileRef = 1860CCC71BE55E92001015CF /* SecondViewController.m */; };
		1860CCCB1BE55EAC001015CF /* ThirdViewController.m in Sources */ = {isa = PBXBuildFile; fileRef = 1860CCCA1BE55EAC001015CF /* ThirdViewController.m */; };
		1860CCD81BE565A5001015CF /* FftImplementations.cpp in Sources */ = {isa = PBXBuildFile; fileRef = 1860CCD01BE565A5001015CF /* FftImplementations.cpp */; };
		1860CCD91BE565A5001015CF /* FftImplementations.cpp in Sources */ = {isa = PBXBuildFile; fileRef = 1860CCD01BE565A5001015CF /* FftImplementations.cpp */; };
		1860CCDA1BE565A5001015CF /* FftImplementations.cpp in Sources */ = {isa = PBXBuildFile; fileRef = 1860CCD01BE565A5001015CF /* FftImplementations.cpp */; };
		1860CCDB1BE565A5001015CF /* Filters.cpp in Sources */ = {isa = PBXBuildFile; fileRef = 1860CCD21BE565A5001015CF /* Filters.cpp */; };
		1860CCDC1BE565A5001015CF /* Filters.cpp in Sources */ = {isa = PBXBuildFile; fileRef = 1860CCD21BE565A5001015CF /* Filters.cpp */; };
		1860CCDD1BE565A5001015CF /* Filters.cpp in Sources */ = {isa = PBXBuildFile; fileRef = 1860CCD21BE565A5001015CF /* Filters.cpp */; };
		1860CCDE1BE565A5001015CF /* ProcessSignal.cpp in Sources */ = {isa = PBXBuildFile; fileRef = 1860CCD41BE565A5001015CF /* ProcessSignal.cpp */; };
		1860CCDF1BE565A5001015CF /* ProcessSignal.cpp in Sources */ = {isa = PBXBuildFile; fileRef = 1860CCD41BE565A5001015CF /* ProcessSignal.cpp */; };
		1860CCE01BE565A5001015CF /* ProcessSignal.cpp in Sources */ = {isa = PBXBuildFile; fileRef = 1860CCD41BE565A5001015CF /* ProcessSignal.cpp */; };
		1860CCE11BE565A5001015CF /* SignalDefinitions.cpp in Sources */ = {isa = PBXBuildFile; fileRef = 1860CCD61BE565A5001015CF /* SignalDefinitions.cpp */; };
		1860CCE21BE565A5001015CF /* SignalDefinitions.cpp in Sources */ = {isa = PBXBuildFile; fileRef = 1860CCD61BE565A5001015CF /* SignalDefinitions.cpp */; };
		1860CCE31BE565A5001015CF /* SignalDefinitions.cpp in Sources */ = {isa = PBXBuildFile; fileRef = 1860CCD61BE565A5001015CF /* SignalDefinitions.cpp */; };
		1860CCE81BE565EE001015CF /* AudioUnitReceive.m in Sources */ = {isa = PBXBuildFile; fileRef = 1860CCE71BE565EE001015CF /* AudioUnitReceive.m */; };
		1860CCE91BE565EE001015CF /* AudioUnitReceive.m in Sources */ = {isa = PBXBuildFile; fileRef = 1860CCE71BE565EE001015CF /* AudioUnitReceive.m */; };
		1860CCEA1BE565EE001015CF /* AudioUnitReceive.m in Sources */ = {isa = PBXBuildFile; fileRef = 1860CCE71BE565EE001015CF /* AudioUnitReceive.m */; };
		1860CCF21BE56617001015CF /* JBBarChartView.m in Sources */ = {isa = PBXBuildFile; fileRef = 1860CCED1BE56617001015CF /* JBBarChartView.m */; };
		1860CCF31BE56617001015CF /* JBBarChartView.m in Sources */ = {isa = PBXBuildFile; fileRef = 1860CCED1BE56617001015CF /* JBBarChartView.m */; };
		1860CCF41BE56617001015CF /* JBBarChartView.m in Sources */ = {isa = PBXBuildFile; fileRef = 1860CCED1BE56617001015CF /* JBBarChartView.m */; };
		1860CCF51BE56617001015CF /* JBChartView.m in Sources */ = {isa = PBXBuildFile; fileRef = 1860CCEF1BE56617001015CF /* JBChartView.m */; };
		1860CCF61BE56617001015CF /* JBChartView.m in Sources */ = {isa = PBXBuildFile; fileRef = 1860CCEF1BE56617001015CF /* JBChartView.m */; };
		1860CCF71BE56617001015CF /* JBChartView.m in Sources */ = {isa = PBXBuildFile; fileRef = 1860CCEF1BE56617001015CF /* JBChartView.m */; };
		1860CCF81BE56617001015CF /* JBLineChartView.m in Sources */ = {isa = PBXBuildFile; fileRef = 1860CCF11BE56617001015CF /* JBLineChartView.m */; };
		1860CCF91BE56617001015CF /* JBLineChartView.m in Sources */ = {isa = PBXBuildFile; fileRef = 1860CCF11BE56617001015CF /* JBLineChartView.m */; };
		1860CCFA1BE56617001015CF /* JBLineChartView.m in Sources */ = {isa = PBXBuildFile; fileRef = 1860CCF11BE56617001015CF /* JBLineChartView.m */; };
		18DA68BF1BE91BA10046BA73 /* SignalModelling.cpp in Sources */ = {isa = PBXBuildFile; fileRef = 18DA68BD1BE91BA10046BA73 /* SignalModelling.cpp */; };
/* End PBXBuildFile section */

/* Begin PBXContainerItemProxy section */
		1860CC7A1BE544C4001015CF /* PBXContainerItemProxy */ = {
			isa = PBXContainerItemProxy;
			containerPortal = 1860CC551BE544C4001015CF /* Project object */;
			proxyType = 1;
			remoteGlobalIDString = 1860CC5C1BE544C4001015CF;
			remoteInfo = SoundAnalyser;
		};
		1860CC851BE544C4001015CF /* PBXContainerItemProxy */ = {
			isa = PBXContainerItemProxy;
			containerPortal = 1860CC551BE544C4001015CF /* Project object */;
			proxyType = 1;
			remoteGlobalIDString = 1860CC5C1BE544C4001015CF;
			remoteInfo = SoundAnalyser;
		};
/* End PBXContainerItemProxy section */

/* Begin PBXFileReference section */
		184B9F101BEA2C2D0088416F /* Vectors.cpp */ = {isa = PBXFileReference; fileEncoding = 4; lastKnownFileType = sourcecode.cpp.cpp; name = Vectors.cpp; path = Math/Vectors.cpp; sourceTree = "<group>"; };
		184B9F111BEA2C2D0088416F /* Vectors.hpp */ = {isa = PBXFileReference; fileEncoding = 4; lastKnownFileType = sourcecode.cpp.h; name = Vectors.hpp; path = Math/Vectors.hpp; sourceTree = "<group>"; };
		184B9F131BEA86780088416F /* SignalGenerator.cpp */ = {isa = PBXFileReference; fileEncoding = 4; lastKnownFileType = sourcecode.cpp.cpp; name = SignalGenerator.cpp; path = Math/SignalGenerator.cpp; sourceTree = "<group>"; };
		184B9F141BEA86780088416F /* SignalGenerator.hpp */ = {isa = PBXFileReference; fileEncoding = 4; lastKnownFileType = sourcecode.cpp.h; name = SignalGenerator.hpp; path = Math/SignalGenerator.hpp; sourceTree = "<group>"; };
		1860CC5D1BE544C4001015CF /* SoundAnalyser.app */ = {isa = PBXFileReference; explicitFileType = wrapper.application; includeInIndex = 0; path = SoundAnalyser.app; sourceTree = BUILT_PRODUCTS_DIR; };
		1860CC611BE544C4001015CF /* main.m */ = {isa = PBXFileReference; lastKnownFileType = sourcecode.c.objc; path = main.m; sourceTree = "<group>"; };
		1860CC631BE544C4001015CF /* AppDelegate.h */ = {isa = PBXFileReference; lastKnownFileType = sourcecode.c.h; path = AppDelegate.h; sourceTree = "<group>"; };
		1860CC641BE544C4001015CF /* AppDelegate.m */ = {isa = PBXFileReference; lastKnownFileType = sourcecode.c.objc; path = AppDelegate.m; sourceTree = "<group>"; };
		1860CC6D1BE544C4001015CF /* Base */ = {isa = PBXFileReference; lastKnownFileType = file.storyboard; name = Base; path = Base.lproj/Main.storyboard; sourceTree = "<group>"; };
		1860CC6F1BE544C4001015CF /* Assets.xcassets */ = {isa = PBXFileReference; lastKnownFileType = folder.assetcatalog; path = Assets.xcassets; sourceTree = "<group>"; };
		1860CC721BE544C4001015CF /* Base */ = {isa = PBXFileReference; lastKnownFileType = file.storyboard; name = Base; path = Base.lproj/LaunchScreen.storyboard; sourceTree = "<group>"; };
		1860CC741BE544C4001015CF /* Info.plist */ = {isa = PBXFileReference; lastKnownFileType = text.plist.xml; path = Info.plist; sourceTree = "<group>"; };
		1860CC791BE544C4001015CF /* SoundAnalyserTests.xctest */ = {isa = PBXFileReference; explicitFileType = wrapper.cfbundle; includeInIndex = 0; path = SoundAnalyserTests.xctest; sourceTree = BUILT_PRODUCTS_DIR; };
		1860CC7D1BE544C4001015CF /* SoundAnalyserTests.m */ = {isa = PBXFileReference; lastKnownFileType = sourcecode.c.objc; path = SoundAnalyserTests.m; sourceTree = "<group>"; };
		1860CC7F1BE544C4001015CF /* Info.plist */ = {isa = PBXFileReference; lastKnownFileType = text.plist.xml; path = Info.plist; sourceTree = "<group>"; };
		1860CC841BE544C4001015CF /* SoundAnalyserUITests.xctest */ = {isa = PBXFileReference; explicitFileType = wrapper.cfbundle; includeInIndex = 0; path = SoundAnalyserUITests.xctest; sourceTree = BUILT_PRODUCTS_DIR; };
		1860CC881BE544C4001015CF /* SoundAnalyserUITests.m */ = {isa = PBXFileReference; lastKnownFileType = sourcecode.c.objc; path = SoundAnalyserUITests.m; sourceTree = "<group>"; };
		1860CC8A1BE544C4001015CF /* Info.plist */ = {isa = PBXFileReference; lastKnownFileType = text.plist.xml; path = Info.plist; sourceTree = "<group>"; };
		1860CCA31BE553B1001015CF /* Audio */ = {isa = PBXFileReference; lastKnownFileType = folder; name = Audio; path = /Users/apple/Documents/XcodeProjects/SoundAnalyser/SoundAnalyser/Audio; sourceTree = "<absolute>"; };
		1860CCA51BE553B1001015CF /* Math */ = {isa = PBXFileReference; lastKnownFileType = folder; name = Math; path = /Users/apple/Documents/XcodeProjects/SoundAnalyser/SoundAnalyser/Math; sourceTree = "<absolute>"; };
		1860CCC31BE55E7B001015CF /* FirstViewController.h */ = {isa = PBXFileReference; fileEncoding = 4; lastKnownFileType = sourcecode.c.h; name = FirstViewController.h; path = ViewFiles/FirstViewController.h; sourceTree = "<group>"; };
		1860CCC41BE55E7B001015CF /* FirstViewController.m */ = {isa = PBXFileReference; fileEncoding = 4; lastKnownFileType = sourcecode.c.objc; name = FirstViewController.m; path = ViewFiles/FirstViewController.m; sourceTree = "<group>"; };
		1860CCC61BE55E92001015CF /* SecondViewController.h */ = {isa = PBXFileReference; fileEncoding = 4; lastKnownFileType = sourcecode.c.h; name = SecondViewController.h; path = ViewFiles/SecondViewController.h; sourceTree = "<group>"; };
		1860CCC71BE55E92001015CF /* SecondViewController.m */ = {isa = PBXFileReference; fileEncoding = 4; lastKnownFileType = sourcecode.c.objc; name = SecondViewController.m; path = ViewFiles/SecondViewController.m; sourceTree = "<group>"; };
		1860CCC91BE55EAC001015CF /* ThirdViewController.h */ = {isa = PBXFileReference; fileEncoding = 4; lastKnownFileType = sourcecode.c.h; name = ThirdViewController.h; path = ViewFiles/ThirdViewController.h; sourceTree = "<group>"; };
		1860CCCA1BE55EAC001015CF /* ThirdViewController.m */ = {isa = PBXFileReference; fileEncoding = 4; lastKnownFileType = sourcecode.c.objc; name = ThirdViewController.m; path = ViewFiles/ThirdViewController.m; sourceTree = "<group>"; };
		1860CCD01BE565A5001015CF /* FftImplementations.cpp */ = {isa = PBXFileReference; fileEncoding = 4; lastKnownFileType = sourcecode.cpp.cpp; name = FftImplementations.cpp; path = Math/FftImplementations.cpp; sourceTree = "<group>"; };
		1860CCD11BE565A5001015CF /* FftImplementations.hpp */ = {isa = PBXFileReference; fileEncoding = 4; lastKnownFileType = sourcecode.cpp.h; name = FftImplementations.hpp; path = Math/FftImplementations.hpp; sourceTree = "<group>"; };
		1860CCD21BE565A5001015CF /* Filters.cpp */ = {isa = PBXFileReference; fileEncoding = 4; lastKnownFileType = sourcecode.cpp.cpp; name = Filters.cpp; path = Math/Filters.cpp; sourceTree = "<group>"; };
		1860CCD31BE565A5001015CF /* Filters.h */ = {isa = PBXFileReference; fileEncoding = 4; lastKnownFileType = sourcecode.c.h; name = Filters.h; path = Math/Filters.h; sourceTree = "<group>"; };
		1860CCD41BE565A5001015CF /* ProcessSignal.cpp */ = {isa = PBXFileReference; fileEncoding = 4; lastKnownFileType = sourcecode.cpp.cpp; name = ProcessSignal.cpp; path = Math/ProcessSignal.cpp; sourceTree = "<group>"; };
		1860CCD51BE565A5001015CF /* ProcessSignal.h */ = {isa = PBXFileReference; fileEncoding = 4; lastKnownFileType = sourcecode.c.h; name = ProcessSignal.h; path = Math/ProcessSignal.h; sourceTree = "<group>"; };
		1860CCD61BE565A5001015CF /* SignalDefinitions.cpp */ = {isa = PBXFileReference; fileEncoding = 4; lastKnownFileType = sourcecode.cpp.cpp; name = SignalDefinitions.cpp; path = Math/SignalDefinitions.cpp; sourceTree = "<group>"; };
		1860CCD71BE565A5001015CF /* SignalDefinitions.h */ = {isa = PBXFileReference; fileEncoding = 4; lastKnownFileType = sourcecode.c.h; name = SignalDefinitions.h; path = Math/SignalDefinitions.h; sourceTree = "<group>"; };
		1860CCE61BE565EE001015CF /* AudioUnitReceive.h */ = {isa = PBXFileReference; fileEncoding = 4; lastKnownFileType = sourcecode.c.h; name = AudioUnitReceive.h; path = Audio/AudioUnitReceive.h; sourceTree = "<group>"; };
		1860CCE71BE565EE001015CF /* AudioUnitReceive.m */ = {isa = PBXFileReference; fileEncoding = 4; lastKnownFileType = sourcecode.c.objc; name = AudioUnitReceive.m; path = Audio/AudioUnitReceive.m; sourceTree = "<group>"; };
		1860CCEC1BE56617001015CF /* JBBarChartView.h */ = {isa = PBXFileReference; fileEncoding = 4; lastKnownFileType = sourcecode.c.h; name = JBBarChartView.h; path = ChartView/JBBarChartView.h; sourceTree = "<group>"; };
		1860CCED1BE56617001015CF /* JBBarChartView.m */ = {isa = PBXFileReference; fileEncoding = 4; lastKnownFileType = sourcecode.c.objc; name = JBBarChartView.m; path = ChartView/JBBarChartView.m; sourceTree = "<group>"; };
		1860CCEE1BE56617001015CF /* JBChartView.h */ = {isa = PBXFileReference; fileEncoding = 4; lastKnownFileType = sourcecode.c.h; name = JBChartView.h; path = ChartView/JBChartView.h; sourceTree = "<group>"; };
		1860CCEF1BE56617001015CF /* JBChartView.m */ = {isa = PBXFileReference; fileEncoding = 4; lastKnownFileType = sourcecode.c.objc; name = JBChartView.m; path = ChartView/JBChartView.m; sourceTree = "<group>"; };
		1860CCF01BE56617001015CF /* JBLineChartView.h */ = {isa = PBXFileReference; fileEncoding = 4; lastKnownFileType = sourcecode.c.h; name = JBLineChartView.h; path = ChartView/JBLineChartView.h; sourceTree = "<group>"; };
		1860CCF11BE56617001015CF /* JBLineChartView.m */ = {isa = PBXFileReference; fileEncoding = 4; lastKnownFileType = sourcecode.c.objc; name = JBLineChartView.m; path = ChartView/JBLineChartView.m; sourceTree = "<group>"; };
		18DA68BD1BE91BA10046BA73 /* SignalModelling.cpp */ = {isa = PBXFileReference; fileEncoding = 4; lastKnownFileType = sourcecode.cpp.cpp; name = SignalModelling.cpp; path = Math/SignalModelling.cpp; sourceTree = "<group>"; };
		18DA68BE1BE91BA10046BA73 /* SignalModelling.hpp */ = {isa = PBXFileReference; fileEncoding = 4; lastKnownFileType = sourcecode.cpp.h; name = SignalModelling.hpp; path = Math/SignalModelling.hpp; sourceTree = "<group>"; };
/* End PBXFileReference section */

/* Begin PBXFrameworksBuildPhase section */
		1860CC5A1BE544C4001015CF /* Frameworks */ = {
			isa = PBXFrameworksBuildPhase;
			buildActionMask = 2147483647;
			files = (
			);
			runOnlyForDeploymentPostprocessing = 0;
		};
		1860CC761BE544C4001015CF /* Frameworks */ = {
			isa = PBXFrameworksBuildPhase;
			buildActionMask = 2147483647;
			files = (
			);
			runOnlyForDeploymentPostprocessing = 0;
		};
		1860CC811BE544C4001015CF /* Frameworks */ = {
			isa = PBXFrameworksBuildPhase;
			buildActionMask = 2147483647;
			files = (
			);
			runOnlyForDeploymentPostprocessing = 0;
		};
/* End PBXFrameworksBuildPhase section */

/* Begin PBXGroup section */
		1860CC541BE544C4001015CF = {
			isa = PBXGroup;
			children = (
				1860CC5F1BE544C4001015CF /* SoundAnalyser */,
				1860CC7C1BE544C4001015CF /* SoundAnalyserTests */,
				1860CC871BE544C4001015CF /* SoundAnalyserUITests */,
				1860CC5E1BE544C4001015CF /* Products */,
			);
			sourceTree = "<group>";
		};
		1860CC5E1BE544C4001015CF /* Products */ = {
			isa = PBXGroup;
			children = (
				1860CC5D1BE544C4001015CF /* SoundAnalyser.app */,
				1860CC791BE544C4001015CF /* SoundAnalyserTests.xctest */,
				1860CC841BE544C4001015CF /* SoundAnalyserUITests.xctest */,
			);
			name = Products;
			sourceTree = "<group>";
		};
		1860CC5F1BE544C4001015CF /* SoundAnalyser */ = {
			isa = PBXGroup;
			children = (
				1860CCE41BE565B3001015CF /* Math */,
				1860CCFB1BE5663C001015CF /* ViewFiles */,
				1860CCEB1BE565FE001015CF /* ChartView */,
				1860CCE51BE565DA001015CF /* Audio */,
				1860CC631BE544C4001015CF /* AppDelegate.h */,
				1860CC641BE544C4001015CF /* AppDelegate.m */,
				1860CC6C1BE544C4001015CF /* Main.storyboard */,
				1860CC6F1BE544C4001015CF /* Assets.xcassets */,
				1860CC711BE544C4001015CF /* LaunchScreen.storyboard */,
				1860CC741BE544C4001015CF /* Info.plist */,
				1860CC601BE544C4001015CF /* Supporting Files */,
			);
			path = SoundAnalyser;
			sourceTree = "<group>";
		};
		1860CC601BE544C4001015CF /* Supporting Files */ = {
			isa = PBXGroup;
			children = (
				1860CC611BE544C4001015CF /* main.m */,
			);
			name = "Supporting Files";
			sourceTree = "<group>";
		};
		1860CC7C1BE544C4001015CF /* SoundAnalyserTests */ = {
			isa = PBXGroup;
			children = (
				1860CC7D1BE544C4001015CF /* SoundAnalyserTests.m */,
				1860CC7F1BE544C4001015CF /* Info.plist */,
			);
			path = SoundAnalyserTests;
			sourceTree = "<group>";
		};
		1860CC871BE544C4001015CF /* SoundAnalyserUITests */ = {
			isa = PBXGroup;
			children = (
				1860CC881BE544C4001015CF /* SoundAnalyserUITests.m */,
				1860CC8A1BE544C4001015CF /* Info.plist */,
			);
			path = SoundAnalyserUITests;
			sourceTree = "<group>";
		};
		1860CCE41BE565B3001015CF /* Math */ = {
			isa = PBXGroup;
			children = (
				1860CCD01BE565A5001015CF /* FftImplementations.cpp */,
				1860CCD11BE565A5001015CF /* FftImplementations.hpp */,
				1860CCD21BE565A5001015CF /* Filters.cpp */,
				1860CCD31BE565A5001015CF /* Filters.h */,
				1860CCD41BE565A5001015CF /* ProcessSignal.cpp */,
				1860CCD51BE565A5001015CF /* ProcessSignal.h */,
				1860CCD61BE565A5001015CF /* SignalDefinitions.cpp */,
				1860CCD71BE565A5001015CF /* SignalDefinitions.h */,
				18DA68BD1BE91BA10046BA73 /* SignalModelling.cpp */,
				18DA68BE1BE91BA10046BA73 /* SignalModelling.hpp */,
				184B9F101BEA2C2D0088416F /* Vectors.cpp */,
				184B9F111BEA2C2D0088416F /* Vectors.hpp */,
				184B9F131BEA86780088416F /* SignalGenerator.cpp */,
				184B9F141BEA86780088416F /* SignalGenerator.hpp */,
			);
			name = Math;
			sourceTree = "<group>";
		};
		1860CCE51BE565DA001015CF /* Audio */ = {
			isa = PBXGroup;
			children = (
				1860CCE61BE565EE001015CF /* AudioUnitReceive.h */,
				1860CCE71BE565EE001015CF /* AudioUnitReceive.m */,
			);
			name = Audio;
			sourceTree = "<group>";
		};
		1860CCEB1BE565FE001015CF /* ChartView */ = {
			isa = PBXGroup;
			children = (
				1860CCEC1BE56617001015CF /* JBBarChartView.h */,
				1860CCED1BE56617001015CF /* JBBarChartView.m */,
				1860CCEE1BE56617001015CF /* JBChartView.h */,
				1860CCEF1BE56617001015CF /* JBChartView.m */,
				1860CCF01BE56617001015CF /* JBLineChartView.h */,
				1860CCF11BE56617001015CF /* JBLineChartView.m */,
			);
			name = ChartView;
			sourceTree = "<group>";
		};
		1860CCFB1BE5663C001015CF /* ViewFiles */ = {
			isa = PBXGroup;
			children = (
				1860CCC31BE55E7B001015CF /* FirstViewController.h */,
				1860CCC41BE55E7B001015CF /* FirstViewController.m */,
				1860CCC61BE55E92001015CF /* SecondViewController.h */,
				1860CCC71BE55E92001015CF /* SecondViewController.m */,
				1860CCC91BE55EAC001015CF /* ThirdViewController.h */,
				1860CCCA1BE55EAC001015CF /* ThirdViewController.m */,
			);
			name = ViewFiles;
			sourceTree = "<group>";
		};
/* End PBXGroup section */

/* Begin PBXNativeTarget section */
		1860CC5C1BE544C4001015CF /* SoundAnalyser */ = {
			isa = PBXNativeTarget;
			buildConfigurationList = 1860CC8D1BE544C4001015CF /* Build configuration list for PBXNativeTarget "SoundAnalyser" */;
			buildPhases = (
				1860CC591BE544C4001015CF /* Sources */,
				1860CC5A1BE544C4001015CF /* Frameworks */,
				1860CC5B1BE544C4001015CF /* Resources */,
			);
			buildRules = (
			);
			dependencies = (
			);
			name = SoundAnalyser;
			productName = SoundAnalyser;
			productReference = 1860CC5D1BE544C4001015CF /* SoundAnalyser.app */;
			productType = "com.apple.product-type.application";
		};
		1860CC781BE544C4001015CF /* SoundAnalyserTests */ = {
			isa = PBXNativeTarget;
			buildConfigurationList = 1860CC901BE544C4001015CF /* Build configuration list for PBXNativeTarget "SoundAnalyserTests" */;
			buildPhases = (
				1860CC751BE544C4001015CF /* Sources */,
				1860CC761BE544C4001015CF /* Frameworks */,
				1860CC771BE544C4001015CF /* Resources */,
			);
			buildRules = (
			);
			dependencies = (
				1860CC7B1BE544C4001015CF /* PBXTargetDependency */,
			);
			name = SoundAnalyserTests;
			productName = SoundAnalyserTests;
			productReference = 1860CC791BE544C4001015CF /* SoundAnalyserTests.xctest */;
			productType = "com.apple.product-type.bundle.unit-test";
		};
		1860CC831BE544C4001015CF /* SoundAnalyserUITests */ = {
			isa = PBXNativeTarget;
			buildConfigurationList = 1860CC931BE544C4001015CF /* Build configuration list for PBXNativeTarget "SoundAnalyserUITests" */;
			buildPhases = (
				1860CC801BE544C4001015CF /* Sources */,
				1860CC811BE544C4001015CF /* Frameworks */,
				1860CC821BE544C4001015CF /* Resources */,
			);
			buildRules = (
			);
			dependencies = (
				1860CC861BE544C4001015CF /* PBXTargetDependency */,
			);
			name = SoundAnalyserUITests;
			productName = SoundAnalyserUITests;
			productReference = 1860CC841BE544C4001015CF /* SoundAnalyserUITests.xctest */;
			productType = "com.apple.product-type.bundle.ui-testing";
		};
/* End PBXNativeTarget section */

/* Begin PBXProject section */
		1860CC551BE544C4001015CF /* Project object */ = {
			isa = PBXProject;
			attributes = {
				LastUpgradeCheck = 0710;
				ORGANIZATIONNAME = "B. Lake";
				TargetAttributes = {
					1860CC5C1BE544C4001015CF = {
						CreatedOnToolsVersion = 7.1;
					};
					1860CC781BE544C4001015CF = {
						CreatedOnToolsVersion = 7.1;
						TestTargetID = 1860CC5C1BE544C4001015CF;
					};
					1860CC831BE544C4001015CF = {
						CreatedOnToolsVersion = 7.1;
						TestTargetID = 1860CC5C1BE544C4001015CF;
					};
				};
			};
			buildConfigurationList = 1860CC581BE544C4001015CF /* Build configuration list for PBXProject "SoundAnalyser" */;
			compatibilityVersion = "Xcode 3.2";
			developmentRegion = English;
			hasScannedForEncodings = 0;
			knownRegions = (
				en,
				Base,
			);
			mainGroup = 1860CC541BE544C4001015CF;
			productRefGroup = 1860CC5E1BE544C4001015CF /* Products */;
			projectDirPath = "";
			projectRoot = "";
			targets = (
				1860CC5C1BE544C4001015CF /* SoundAnalyser */,
				1860CC781BE544C4001015CF /* SoundAnalyserTests */,
				1860CC831BE544C4001015CF /* SoundAnalyserUITests */,
			);
		};
/* End PBXProject section */

/* Begin PBXResourcesBuildPhase section */
		1860CC5B1BE544C4001015CF /* Resources */ = {
			isa = PBXResourcesBuildPhase;
			buildActionMask = 2147483647;
			files = (
				1860CC731BE544C4001015CF /* LaunchScreen.storyboard in Resources */,
				1860CC701BE544C4001015CF /* Assets.xcassets in Resources */,
				1860CC6E1BE544C4001015CF /* Main.storyboard in Resources */,
				1860CCA81BE553B1001015CF /* Math in Resources */,
				1860CCA61BE553B1001015CF /* Audio in Resources */,
			);
			runOnlyForDeploymentPostprocessing = 0;
		};
		1860CC771BE544C4001015CF /* Resources */ = {
			isa = PBXResourcesBuildPhase;
			buildActionMask = 2147483647;
			files = (
			);
			runOnlyForDeploymentPostprocessing = 0;
		};
		1860CC821BE544C4001015CF /* Resources */ = {
			isa = PBXResourcesBuildPhase;
			buildActionMask = 2147483647;
			files = (
			);
			runOnlyForDeploymentPostprocessing = 0;
		};
/* End PBXResourcesBuildPhase section */

/* Begin PBXSourcesBuildPhase section */
		1860CC591BE544C4001015CF /* Sources */ = {
			isa = PBXSourcesBuildPhase;
			buildActionMask = 2147483647;
			files = (
				1860CCD81BE565A5001015CF /* FftImplementations.cpp in Sources */,
				1860CCF81BE56617001015CF /* JBLineChartView.m in Sources */,
				1860CCF51BE56617001015CF /* JBChartView.m in Sources */,
				1860CCE11BE565A5001015CF /* SignalDefinitions.cpp in Sources */,
				1860CCE81BE565EE001015CF /* AudioUnitReceive.m in Sources */,
				1860CCC81BE55E92001015CF /* SecondViewController.m in Sources */,
				1860CCF21BE56617001015CF /* JBBarChartView.m in Sources */,
				184B9F121BEA2C2D0088416F /* Vectors.cpp in Sources */,
				18DA68BF1BE91BA10046BA73 /* SignalModelling.cpp in Sources */,
				1860CCCB1BE55EAC001015CF /* ThirdViewController.m in Sources */,
				1860CC651BE544C4001015CF /* AppDelegate.m in Sources */,
				1860CCC51BE55E7B001015CF /* FirstViewController.m in Sources */,
				1860CCDB1BE565A5001015CF /* Filters.cpp in Sources */,
				1860CC621BE544C4001015CF /* main.m in Sources */,
				1860CCDE1BE565A5001015CF /* ProcessSignal.cpp in Sources */,
				184B9F151BEA86780088416F /* SignalGenerator.cpp in Sources */,
			);
			runOnlyForDeploymentPostprocessing = 0;
		};
		1860CC751BE544C4001015CF /* Sources */ = {
			isa = PBXSourcesBuildPhase;
			buildActionMask = 2147483647;
			files = (
				1860CCF31BE56617001015CF /* JBBarChartView.m in Sources */,
				1860CCF91BE56617001015CF /* JBLineChartView.m in Sources */,
				1860CCF61BE56617001015CF /* JBChartView.m in Sources */,
				1860CCDC1BE565A5001015CF /* Filters.cpp in Sources */,
				1860CCD91BE565A5001015CF /* FftImplementations.cpp in Sources */,
				1860CCE91BE565EE001015CF /* AudioUnitReceive.m in Sources */,
				1860CC7E1BE544C4001015CF /* SoundAnalyserTests.m in Sources */,
				1860CCE21BE565A5001015CF /* SignalDefinitions.cpp in Sources */,
				1860CCDF1BE565A5001015CF /* ProcessSignal.cpp in Sources */,
			);
			runOnlyForDeploymentPostprocessing = 0;
		};
		1860CC801BE544C4001015CF /* Sources */ = {
			isa = PBXSourcesBuildPhase;
			buildActionMask = 2147483647;
			files = (
				1860CCF41BE56617001015CF /* JBBarChartView.m in Sources */,
				1860CCFA1BE56617001015CF /* JBLineChartView.m in Sources */,
				1860CCF71BE56617001015CF /* JBChartView.m in Sources */,
				1860CCDD1BE565A5001015CF /* Filters.cpp in Sources */,
				1860CCDA1BE565A5001015CF /* FftImplementations.cpp in Sources */,
				1860CCEA1BE565EE001015CF /* AudioUnitReceive.m in Sources */,
				1860CC891BE544C4001015CF /* SoundAnalyserUITests.m in Sources */,
				1860CCE31BE565A5001015CF /* SignalDefinitions.cpp in Sources */,
				1860CCE01BE565A5001015CF /* ProcessSignal.cpp in Sources */,
			);
			runOnlyForDeploymentPostprocessing = 0;
		};
/* End PBXSourcesBuildPhase section */

/* Begin PBXTargetDependency section */
		1860CC7B1BE544C4001015CF /* PBXTargetDependency */ = {
			isa = PBXTargetDependency;
			target = 1860CC5C1BE544C4001015CF /* SoundAnalyser */;
			targetProxy = 1860CC7A1BE544C4001015CF /* PBXContainerItemProxy */;
		};
		1860CC861BE544C4001015CF /* PBXTargetDependency */ = {
			isa = PBXTargetDependency;
			target = 1860CC5C1BE544C4001015CF /* SoundAnalyser */;
			targetProxy = 1860CC851BE544C4001015CF /* PBXContainerItemProxy */;
		};
/* End PBXTargetDependency section */

/* Begin PBXVariantGroup section */
		1860CC6C1BE544C4001015CF /* Main.storyboard */ = {
			isa = PBXVariantGroup;
			children = (
				1860CC6D1BE544C4001015CF /* Base */,
			);
			name = Main.storyboard;
			sourceTree = "<group>";
		};
		1860CC711BE544C4001015CF /* LaunchScreen.storyboard */ = {
			isa = PBXVariantGroup;
			children = (
				1860CC721BE544C4001015CF /* Base */,
			);
			name = LaunchScreen.storyboard;
			sourceTree = "<group>";
		};
/* End PBXVariantGroup section */

/* Begin XCBuildConfiguration section */
		1860CC8B1BE544C4001015CF /* Debug */ = {
			isa = XCBuildConfiguration;
			buildSettings = {
				ALWAYS_SEARCH_USER_PATHS = NO;
				CLANG_CXX_LANGUAGE_STANDARD = "gnu++0x";
				CLANG_CXX_LIBRARY = "libc++";
				CLANG_ENABLE_MODULES = YES;
				CLANG_ENABLE_OBJC_ARC = YES;
				CLANG_WARN_BOOL_CONVERSION = YES;
				CLANG_WARN_CONSTANT_CONVERSION = YES;
				CLANG_WARN_DIRECT_OBJC_ISA_USAGE = YES_ERROR;
				CLANG_WARN_EMPTY_BODY = YES;
				CLANG_WARN_ENUM_CONVERSION = YES;
				CLANG_WARN_INT_CONVERSION = YES;
				CLANG_WARN_OBJC_ROOT_CLASS = YES_ERROR;
				CLANG_WARN_UNREACHABLE_CODE = YES;
				CLANG_WARN__DUPLICATE_METHOD_MATCH = YES;
				"CODE_SIGN_IDENTITY[sdk=iphoneos*]" = "iPhone Developer";
				COPY_PHASE_STRIP = NO;
				DEBUG_INFORMATION_FORMAT = dwarf;
				ENABLE_STRICT_OBJC_MSGSEND = YES;
				ENABLE_TESTABILITY = YES;
				GCC_C_LANGUAGE_STANDARD = gnu99;
				GCC_DYNAMIC_NO_PIC = NO;
				GCC_NO_COMMON_BLOCKS = YES;
				GCC_OPTIMIZATION_LEVEL = 0;
				GCC_PREPROCESSOR_DEFINITIONS = (
					"DEBUG=1",
					"$(inherited)",
				);
				GCC_WARN_64_TO_32_BIT_CONVERSION = YES;
				GCC_WARN_ABOUT_RETURN_TYPE = YES_ERROR;
				GCC_WARN_UNDECLARED_SELECTOR = YES;
				GCC_WARN_UNINITIALIZED_AUTOS = YES_AGGRESSIVE;
				GCC_WARN_UNUSED_FUNCTION = YES;
				GCC_WARN_UNUSED_VARIABLE = YES;
				IPHONEOS_DEPLOYMENT_TARGET = 9.1;
				MTL_ENABLE_DEBUG_INFO = YES;
				ONLY_ACTIVE_ARCH = YES;
				SDKROOT = iphoneos;
			};
			name = Debug;
		};
		1860CC8C1BE544C4001015CF /* Release */ = {
			isa = XCBuildConfiguration;
			buildSettings = {
				ALWAYS_SEARCH_USER_PATHS = NO;
				CLANG_CXX_LANGUAGE_STANDARD = "gnu++0x";
				CLANG_CXX_LIBRARY = "libc++";
				CLANG_ENABLE_MODULES = YES;
				CLANG_ENABLE_OBJC_ARC = YES;
				CLANG_WARN_BOOL_CONVERSION = YES;
				CLANG_WARN_CONSTANT_CONVERSION = YES;
				CLANG_WARN_DIRECT_OBJC_ISA_USAGE = YES_ERROR;
				CLANG_WARN_EMPTY_BODY = YES;
				CLANG_WARN_ENUM_CONVERSION = YES;
				CLANG_WARN_INT_CONVERSION = YES;
				CLANG_WARN_OBJC_ROOT_CLASS = YES_ERROR;
				CLANG_WARN_UNREACHABLE_CODE = YES;
				CLANG_WARN__DUPLICATE_METHOD_MATCH = YES;
				"CODE_SIGN_IDENTITY[sdk=iphoneos*]" = "iPhone Developer";
				COPY_PHASE_STRIP = NO;
				DEBUG_INFORMATION_FORMAT = "dwarf-with-dsym";
				ENABLE_NS_ASSERTIONS = NO;
				ENABLE_STRICT_OBJC_MSGSEND = YES;
				GCC_C_LANGUAGE_STANDARD = gnu99;
				GCC_NO_COMMON_BLOCKS = YES;
				GCC_WARN_64_TO_32_BIT_CONVERSION = YES;
				GCC_WARN_ABOUT_RETURN_TYPE = YES_ERROR;
				GCC_WARN_UNDECLARED_SELECTOR = YES;
				GCC_WARN_UNINITIALIZED_AUTOS = YES_AGGRESSIVE;
				GCC_WARN_UNUSED_FUNCTION = YES;
				GCC_WARN_UNUSED_VARIABLE = YES;
				IPHONEOS_DEPLOYMENT_TARGET = 9.1;
				MTL_ENABLE_DEBUG_INFO = NO;
				SDKROOT = iphoneos;
				VALIDATE_PRODUCT = YES;
			};
			name = Release;
		};
		1860CC8E1BE544C4001015CF /* Debug */ = {
			isa = XCBuildConfiguration;
			buildSettings = {
				ASSETCATALOG_COMPILER_APPICON_NAME = AppIcon;
				INFOPLIST_FILE = SoundAnalyser/Info.plist;
				IPHONEOS_DEPLOYMENT_TARGET = 8.4;
				LD_RUNPATH_SEARCH_PATHS = "$(inherited) @executable_path/Frameworks";
				PRODUCT_BUNDLE_IDENTIFIER = BL.SoundAnalyser;
				PRODUCT_NAME = "$(TARGET_NAME)";
			};
			name = Debug;
		};
		1860CC8F1BE544C4001015CF /* Release */ = {
			isa = XCBuildConfiguration;
			buildSettings = {
				ASSETCATALOG_COMPILER_APPICON_NAME = AppIcon;
				INFOPLIST_FILE = SoundAnalyser/Info.plist;
				IPHONEOS_DEPLOYMENT_TARGET = 8.4;
				LD_RUNPATH_SEARCH_PATHS = "$(inherited) @executable_path/Frameworks";
				PRODUCT_BUNDLE_IDENTIFIER = BL.SoundAnalyser;
				PRODUCT_NAME = "$(TARGET_NAME)";
			};
			name = Release;
		};
		1860CC911BE544C4001015CF /* Debug */ = {
			isa = XCBuildConfiguration;
			buildSettings = {
				BUNDLE_LOADER = "$(TEST_HOST)";
				INFOPLIST_FILE = SoundAnalyserTests/Info.plist;
				LD_RUNPATH_SEARCH_PATHS = "$(inherited) @executable_path/Frameworks @loader_path/Frameworks";
				PRODUCT_BUNDLE_IDENTIFIER = BL.SoundAnalyserTests;
				PRODUCT_NAME = "$(TARGET_NAME)";
				TEST_HOST = "$(BUILT_PRODUCTS_DIR)/SoundAnalyser.app/SoundAnalyser";
			};
			name = Debug;
		};
		1860CC921BE544C4001015CF /* Release */ = {
			isa = XCBuildConfiguration;
			buildSettings = {
				BUNDLE_LOADER = "$(TEST_HOST)";
				INFOPLIST_FILE = SoundAnalyserTests/Info.plist;
				LD_RUNPATH_SEARCH_PATHS = "$(inherited) @executable_path/Frameworks @loader_path/Frameworks";
				PRODUCT_BUNDLE_IDENTIFIER = BL.SoundAnalyserTests;
				PRODUCT_NAME = "$(TARGET_NAME)";
				TEST_HOST = "$(BUILT_PRODUCTS_DIR)/SoundAnalyser.app/SoundAnalyser";
			};
			name = Release;
		};
		1860CC941BE544C4001015CF /* Debug */ = {
			isa = XCBuildConfiguration;
			buildSettings = {
				INFOPLIST_FILE = SoundAnalyserUITests/Info.plist;
				LD_RUNPATH_SEARCH_PATHS = "$(inherited) @executable_path/Frameworks @loader_path/Frameworks";
				PRODUCT_BUNDLE_IDENTIFIER = BL.SoundAnalyserUITests;
				PRODUCT_NAME = "$(TARGET_NAME)";
				TEST_TARGET_NAME = SoundAnalyser;
				USES_XCTRUNNER = YES;
			};
			name = Debug;
		};
		1860CC951BE544C4001015CF /* Release */ = {
			isa = XCBuildConfiguration;
			buildSettings = {
				INFOPLIST_FILE = SoundAnalyserUITests/Info.plist;
				LD_RUNPATH_SEARCH_PATHS = "$(inherited) @executable_path/Frameworks @loader_path/Frameworks";
				PRODUCT_BUNDLE_IDENTIFIER = BL.SoundAnalyserUITests;
				PRODUCT_NAME = "$(TARGET_NAME)";
				TEST_TARGET_NAME = SoundAnalyser;
				USES_XCTRUNNER = YES;
			};
			name = Release;
		};
/* End XCBuildConfiguration section */

/* Begin XCConfigurationList section */
		1860CC581BE544C4001015CF /* Build configuration list for PBXProject "SoundAnalyser" */ = {
			isa = XCConfigurationList;
			buildConfigurations = (
				1860CC8B1BE544C4001015CF /* Debug */,
				1860CC8C1BE544C4001015CF /* Release */,
			);
			defaultConfigurationIsVisible = 0;
			defaultConfigurationName = Release;
		};
		1860CC8D1BE544C4001015CF /* Build configuration list for PBXNativeTarget "SoundAnalyser" */ = {
			isa = XCConfigurationList;
			buildConfigurations = (
				1860CC8E1BE544C4001015CF /* Debug */,
				1860CC8F1BE544C4001015CF /* Release */,
			);
			defaultConfigurationIsVisible = 0;
			defaultConfigurationName = Release;
		};
		1860CC901BE544C4001015CF /* Build configuration list for PBXNativeTarget "SoundAnalyserTests" */ = {
			isa = XCConfigurationList;
			buildConfigurations = (
				1860CC911BE544C4001015CF /* Debug */,
				1860CC921BE544C4001015CF /* Release */,
			);
			defaultConfigurationIsVisible = 0;
			defaultConfigurationName = Release;
		};
		1860CC931BE544C4001015CF /* Build configuration list for PBXNativeTarget "SoundAnalyserUITests" */ = {
			isa = XCConfigurationList;
			buildConfigurations = (
				1860CC941BE544C4001015CF /* Debug */,
				1860CC951BE544C4001015CF /* Release */,
			);
			defaultConfigurationIsVisible = 0;
			defaultConfigurationName = Release;
		};
/* End XCConfigurationList section */
	};
	rootObject = 1860CC551BE544C4001015CF /* Project object */;
}
